
Microsoft Visual Studio Solution File, Format Version 12.00
# Visual Studio Version 17
VisualStudioVersion = 17.0.32014.148
MinimumVisualStudioVersion = 10.0.40219.1
Project("{FAE04EC0-301F-11D3-BF4B-00C04F79EFBC}") = "YamlConvert", "YamlConvert\YamlConvert.csproj", "{12986D5F-A5FD-44D1-A8B3-512EB98149D0}"
EndProject
Project("{FAE04EC0-301F-11D3-BF4B-00C04F79EFBC}") = "YamlConvert.Tests", "YamlConvert.Tests\YamlConvert.Tests.csproj", "{A98C7DC7-04D5-42A5-8EC1-B209D5506698}"
EndProject
Global
	GlobalSection(SolutionConfigurationPlatforms) = preSolution
		Debug|Any CPU = Debug|Any CPU
		Release|Any CPU = Release|Any CPU
	EndGlobalSection
	GlobalSection(ProjectConfigurationPlatforms) = postSolution
		{12986D5F-A5FD-44D1-A8B3-512EB98149D0}.Debug|Any CPU.ActiveCfg = Debug|Any CPU
		{12986D5F-A5FD-44D1-A8B3-512EB98149D0}.Debug|Any CPU.Build.0 = Debug|Any CPU
		{12986D5F-A5FD-44D1-A8B3-512EB98149D0}.Release|Any CPU.ActiveCfg = Release|Any CPU
		{12986D5F-A5FD-44D1-A8B3-512EB98149D0}.Release|Any CPU.Build.0 = Release|Any CPU
		{A98C7DC7-04D5-42A5-8EC1-B209D5506698}.Debug|Any CPU.ActiveCfg = Debug|Any CPU
		{A98C7DC7-04D5-42A5-8EC1-B209D5506698}.Debug|Any CPU.Build.0 = Debug|Any CPU
		{A98C7DC7-04D5-42A5-8EC1-B209D5506698}.Release|Any CPU.ActiveCfg = Release|Any CPU
		{A98C7DC7-04D5-42A5-8EC1-B209D5506698}.Release|Any CPU.Build.0 = Release|Any CPU
	EndGlobalSection
	GlobalSection(SolutionProperties) = preSolution
		HideSolutionNode = FALSE
	EndGlobalSection
	GlobalSection(ExtensibilityGlobals) = postSolution
		SolutionGuid = {24765AA7-CC90-44A5-BD26-94474456CE4F}
	EndGlobalSection
EndGlobal
